
Microsoft Visual Studio Solution File, Format Version 12.00
# Visual Studio Version 17
VisualStudioVersion = 17.5.002.0
MinimumVisualStudioVersion = 10.0.40219.1
Project("{9A19103F-16F7-4668-BE54-9A1E7A4F7556}") = "1", "1.csproj", "{59DF21C1-0077-4A02-8F13-78D1566DAF39}"
EndProject
Global
	GlobalSection(SolutionConfigurationPlatforms) = preSolution
		Debug|Any CPU = Debug|Any CPU
		Release|Any CPU = Release|Any CPU
	EndGlobalSection
	GlobalSection(ProjectConfigurationPlatforms) = postSolution
		{59DF21C1-0077-4A02-8F13-78D1566DAF39}.Debug|Any CPU.ActiveCfg = Debug|Any CPU
		{59DF21C1-0077-4A02-8F13-78D1566DAF39}.Debug|Any CPU.Build.0 = Debug|Any CPU
		{59DF21C1-0077-4A02-8F13-78D1566DAF39}.Release|Any CPU.ActiveCfg = Release|Any CPU
		{59DF21C1-0077-4A02-8F13-78D1566DAF39}.Release|Any CPU.Build.0 = Release|Any CPU
	EndGlobalSection
	GlobalSection(SolutionProperties) = preSolution
		HideSolutionNode = FALSE
	EndGlobalSection
	GlobalSection(ExtensibilityGlobals) = postSolution
		SolutionGuid = {790E2AB1-2024-457D-BD7D-7535AC648F52}
	EndGlobalSection
EndGlobal
